// !$*UTF8*$!
{
	archiveVersion = 1;
	classes = {
	};
	objectVersion = 46;
	objects = {

/* Begin PBXBuildFile section */
		BA1818B81B0A2051006F197A /* AppDelegate.swift in Sources */ = {isa = PBXBuildFile; fileRef = BA1818B71B0A2051006F197A /* AppDelegate.swift */; };
		BA1818BA1B0A2051006F197A /* MasterViewController.swift in Sources */ = {isa = PBXBuildFile; fileRef = BA1818B91B0A2051006F197A /* MasterViewController.swift */; };
		BA1818BC1B0A2051006F197A /* DetailViewController.swift in Sources */ = {isa = PBXBuildFile; fileRef = BA1818BB1B0A2051006F197A /* DetailViewController.swift */; };
		BA1818BF1B0A2051006F197A /* Main.storyboard in Resources */ = {isa = PBXBuildFile; fileRef = BA1818BD1B0A2051006F197A /* Main.storyboard */; };
		BA1818C11B0A2051006F197A /* Images.xcassets in Resources */ = {isa = PBXBuildFile; fileRef = BA1818C01B0A2051006F197A /* Images.xcassets */; };
		BA1818C41B0A2051006F197A /* LaunchScreen.xib in Resources */ = {isa = PBXBuildFile; fileRef = BA1818C21B0A2051006F197A /* LaunchScreen.xib */; };
		BA1818D01B0A2051006F197A /* Project7WhitehousePetitionsTests.swift in Sources */ = {isa = PBXBuildFile; fileRef = BA1818CF1B0A2051006F197A /* Project7WhitehousePetitionsTests.swift */; };
/* End PBXBuildFile section */

/* Begin PBXContainerItemProxy section */
		BA1818CA1B0A2051006F197A /* PBXContainerItemProxy */ = {
			isa = PBXContainerItemProxy;
			containerPortal = BA1818AA1B0A2051006F197A /* Project object */;
			proxyType = 1;
			remoteGlobalIDString = BA1818B11B0A2051006F197A;
			remoteInfo = Project7WhitehousePetitions;
		};
/* End PBXContainerItemProxy section */

/* Begin PBXFileReference section */
		BA1818B21B0A2051006F197A /* Project7WhitehousePetitions.app */ = {isa = PBXFileReference; explicitFileType = wrapper.application; includeInIndex = 0; path = Project7WhitehousePetitions.app; sourceTree = BUILT_PRODUCTS_DIR; };
		BA1818B61B0A2051006F197A /* Info.plist */ = {isa = PBXFileReference; lastKnownFileType = text.plist.xml; path = Info.plist; sourceTree = "<group>"; };
		BA1818B71B0A2051006F197A /* AppDelegate.swift */ = {isa = PBXFileReference; lastKnownFileType = sourcecode.swift; path = AppDelegate.swift; sourceTree = "<group>"; };
		BA1818B91B0A2051006F197A /* MasterViewController.swift */ = {isa = PBXFileReference; lastKnownFileType = sourcecode.swift; path = MasterViewController.swift; sourceTree = "<group>"; };
		BA1818BB1B0A2051006F197A /* DetailViewController.swift */ = {isa = PBXFileReference; lastKnownFileType = sourcecode.swift; path = DetailViewController.swift; sourceTree = "<group>"; };
		BA1818BE1B0A2051006F197A /* Base */ = {isa = PBXFileReference; lastKnownFileType = file.storyboard; name = Base; path = Base.lproj/Main.storyboard; sourceTree = "<group>"; };
		BA1818C01B0A2051006F197A /* Images.xcassets */ = {isa = PBXFileReference; lastKnownFileType = folder.assetcatalog; path = Images.xcassets; sourceTree = "<group>"; };
		BA1818C31B0A2051006F197A /* Base */ = {isa = PBXFileReference; lastKnownFileType = file.xib; name = Base; path = Base.lproj/LaunchScreen.xib; sourceTree = "<group>"; };
		BA1818C91B0A2051006F197A /* Project7WhitehousePetitionsTests.xctest */ = {isa = PBXFileReference; explicitFileType = wrapper.cfbundle; includeInIndex = 0; path = Project7WhitehousePetitionsTests.xctest; sourceTree = BUILT_PRODUCTS_DIR; };
		BA1818CE1B0A2051006F197A /* Info.plist */ = {isa = PBXFileReference; lastKnownFileType = text.plist.xml; path = Info.plist; sourceTree = "<group>"; };
		BA1818CF1B0A2051006F197A /* Project7WhitehousePetitionsTests.swift */ = {isa = PBXFileReference; lastKnownFileType = sourcecode.swift; path = Project7WhitehousePetitionsTests.swift; sourceTree = "<group>"; };
/* End PBXFileReference section */

/* Begin PBXFrameworksBuildPhase section */
		BA1818AF1B0A2051006F197A /* Frameworks */ = {
			isa = PBXFrameworksBuildPhase;
			buildActionMask = 2147483647;
			files = (
			);
			runOnlyForDeploymentPostprocessing = 0;
		};
		BA1818C61B0A2051006F197A /* Frameworks */ = {
			isa = PBXFrameworksBuildPhase;
			buildActionMask = 2147483647;
			files = (
			);
			runOnlyForDeploymentPostprocessing = 0;
		};
/* End PBXFrameworksBuildPhase section */

/* Begin PBXGroup section */
		BA1818A91B0A2051006F197A = {
			isa = PBXGroup;
			children = (
				BA1818B41B0A2051006F197A /* Project7WhitehousePetitions */,
				BA1818CC1B0A2051006F197A /* Project7WhitehousePetitionsTests */,
				BA1818B31B0A2051006F197A /* Products */,
			);
			sourceTree = "<group>";
		};
		BA1818B31B0A2051006F197A /* Products */ = {
			isa = PBXGroup;
			children = (
				BA1818B21B0A2051006F197A /* Project7WhitehousePetitions.app */,
				BA1818C91B0A2051006F197A /* Project7WhitehousePetitionsTests.xctest */,
			);
			name = Products;
			sourceTree = "<group>";
		};
		BA1818B41B0A2051006F197A /* Project7WhitehousePetitions */ = {
			isa = PBXGroup;
			children = (
				BA1818B91B0A2051006F197A /* MasterViewController.swift */,
				BA1818BB1B0A2051006F197A /* DetailViewController.swift */,
				BA1818BD1B0A2051006F197A /* Main.storyboard */,
				BA1818B51B0A2051006F197A /* Supporting Files */,
			);
			path = Project7WhitehousePetitions;
			sourceTree = "<group>";
		};
		BA1818B51B0A2051006F197A /* Supporting Files */ = {
			isa = PBXGroup;
			children = (
				BA1818B71B0A2051006F197A /* AppDelegate.swift */,
				BA1818C01B0A2051006F197A /* Images.xcassets */,
				BA1818C21B0A2051006F197A /* LaunchScreen.xib */,
				BA1818B61B0A2051006F197A /* Info.plist */,
			);
			name = "Supporting Files";
			sourceTree = "<group>";
		};
		BA1818CC1B0A2051006F197A /* Project7WhitehousePetitionsTests */ = {
			isa = PBXGroup;
			children = (
				BA1818CF1B0A2051006F197A /* Project7WhitehousePetitionsTests.swift */,
				BA1818CD1B0A2051006F197A /* Supporting Files */,
			);
			path = Project7WhitehousePetitionsTests;
			sourceTree = "<group>";
		};
		BA1818CD1B0A2051006F197A /* Supporting Files */ = {
			isa = PBXGroup;
			children = (
				BA1818CE1B0A2051006F197A /* Info.plist */,
			);
			name = "Supporting Files";
			sourceTree = "<group>";
		};
/* End PBXGroup section */

/* Begin PBXNativeTarget section */
		BA1818B11B0A2051006F197A /* Project7WhitehousePetitions */ = {
			isa = PBXNativeTarget;
			buildConfigurationList = BA1818D31B0A2051006F197A /* Build configuration list for PBXNativeTarget "Project7WhitehousePetitions" */;
			buildPhases = (
				BA1818AE1B0A2051006F197A /* Sources */,
				BA1818AF1B0A2051006F197A /* Frameworks */,
				BA1818B01B0A2051006F197A /* Resources */,
			);
			buildRules = (
			);
			dependencies = (
			);
			name = Project7WhitehousePetitions;
			productName = Project7WhitehousePetitions;
			productReference = BA1818B21B0A2051006F197A /* Project7WhitehousePetitions.app */;
			productType = "com.apple.product-type.application";
		};
		BA1818C81B0A2051006F197A /* Project7WhitehousePetitionsTests */ = {
			isa = PBXNativeTarget;
			buildConfigurationList = BA1818D61B0A2051006F197A /* Build configuration list for PBXNativeTarget "Project7WhitehousePetitionsTests" */;
			buildPhases = (
				BA1818C51B0A2051006F197A /* Sources */,
				BA1818C61B0A2051006F197A /* Frameworks */,
				BA1818C71B0A2051006F197A /* Resources */,
			);
			buildRules = (
			);
			dependencies = (
				BA1818CB1B0A2051006F197A /* PBXTargetDependency */,
			);
			name = Project7WhitehousePetitionsTests;
			productName = Project7WhitehousePetitionsTests;
			productReference = BA1818C91B0A2051006F197A /* Project7WhitehousePetitionsTests.xctest */;
			productType = "com.apple.product-type.bundle.unit-test";
		};
/* End PBXNativeTarget section */

/* Begin PBXProject section */
		BA1818AA1B0A2051006F197A /* Project object */ = {
			isa = PBXProject;
			attributes = {
				LastUpgradeCheck = 0630;
				ORGANIZATIONNAME = Henry;
				TargetAttributes = {
					BA1818B11B0A2051006F197A = {
						CreatedOnToolsVersion = 6.3.1;
					};
					BA1818C81B0A2051006F197A = {
						CreatedOnToolsVersion = 6.3.1;
						TestTargetID = BA1818B11B0A2051006F197A;
					};
				};
			};
			buildConfigurationList = BA1818AD1B0A2051006F197A /* Build configuration list for PBXProject "Project7WhitehousePetitions" */;
			compatibilityVersion = "Xcode 3.2";
			developmentRegion = English;
			hasScannedForEncodings = 0;
			knownRegions = (
				en,
				Base,
			);
			mainGroup = BA1818A91B0A2051006F197A;
			productRefGroup = BA1818B31B0A2051006F197A /* Products */;
			projectDirPath = "";
			projectRoot = "";
			targets = (
				BA1818B11B0A2051006F197A /* Project7WhitehousePetitions */,
				BA1818C81B0A2051006F197A /* Project7WhitehousePetitionsTests */,
			);
		};
/* End PBXProject section */

/* Begin PBXResourcesBuildPhase section */
		BA1818B01B0A2051006F197A /* Resources */ = {
			isa = PBXResourcesBuildPhase;
			buildActionMask = 2147483647;
			files = (
				BA1818BF1B0A2051006F197A /* Main.storyboard in Resources */,
				BA1818C41B0A2051006F197A /* LaunchScreen.xib in Resources */,
				BA1818C11B0A2051006F197A /* Images.xcassets in Resources */,
			);
			runOnlyForDeploymentPostprocessing = 0;
		};
		BA1818C71B0A2051006F197A /* Resources */ = {
			isa = PBXResourcesBuildPhase;
			buildActionMask = 2147483647;
			files = (
			);
			runOnlyForDeploymentPostprocessing = 0;
		};
/* End PBXResourcesBuildPhase section */

/* Begin PBXSourcesBuildPhase section */
		BA1818AE1B0A2051006F197A /* Sources */ = {
			isa = PBXSourcesBuildPhase;
			buildActionMask = 2147483647;
			files = (
				BA1818BC1B0A2051006F197A /* DetailViewController.swift in Sources */,
				BA1818BA1B0A2051006F197A /* MasterViewController.swift in Sources */,
				BA1818B81B0A2051006F197A /* AppDelegate.swift in Sources */,
			);
			runOnlyForDeploymentPostprocessing = 0;
		};
		BA1818C51B0A2051006F197A /* Sources */ = {
			isa = PBXSourcesBuildPhase;
			buildActionMask = 2147483647;
			files = (
				BA1818D01B0A2051006F197A /* Project7WhitehousePetitionsTests.swift in Sources */,
			);
			runOnlyForDeploymentPostprocessing = 0;
		};
/* End PBXSourcesBuildPhase section */

/* Begin PBXTargetDependency section */
		BA1818CB1B0A2051006F197A /* PBXTargetDependency */ = {
			isa = PBXTargetDependency;
			target = BA1818B11B0A2051006F197A /* Project7WhitehousePetitions */;
			targetProxy = BA1818CA1B0A2051006F197A /* PBXContainerItemProxy */;
		};
/* End PBXTargetDependency section */

/* Begin PBXVariantGroup section */
		BA1818BD1B0A2051006F197A /* Main.storyboard */ = {
			isa = PBXVariantGroup;
			children = (
				BA1818BE1B0A2051006F197A /* Base */,
			);
			name = Main.storyboard;
			sourceTree = "<group>";
		};
		BA1818C21B0A2051006F197A /* LaunchScreen.xib */ = {
			isa = PBXVariantGroup;
			children = (
				BA1818C31B0A2051006F197A /* Base */,
			);
			name = LaunchScreen.xib;
			sourceTree = "<group>";
		};
/* End PBXVariantGroup section */

/* Begin XCBuildConfiguration section */
		BA1818D11B0A2051006F197A /* Debug */ = {
			isa = XCBuildConfiguration;
			buildSettings = {
				ALWAYS_SEARCH_USER_PATHS = NO;
				CLANG_CXX_LANGUAGE_STANDARD = "gnu++0x";
				CLANG_CXX_LIBRARY = "libc++";
				CLANG_ENABLE_MODULES = YES;
				CLANG_ENABLE_OBJC_ARC = YES;
				CLANG_WARN_BOOL_CONVERSION = YES;
				CLANG_WARN_CONSTANT_CONVERSION = YES;
				CLANG_WARN_DIRECT_OBJC_ISA_USAGE = YES_ERROR;
				CLANG_WARN_EMPTY_BODY = YES;
				CLANG_WARN_ENUM_CONVERSION = YES;
				CLANG_WARN_INT_CONVERSION = YES;
				CLANG_WARN_OBJC_ROOT_CLASS = YES_ERROR;
				CLANG_WARN_UNREACHABLE_CODE = YES;
				CLANG_WARN__DUPLICATE_METHOD_MATCH = YES;
				"CODE_SIGN_IDENTITY[sdk=iphoneos*]" = "iPhone Developer";
				COPY_PHASE_STRIP = NO;
				DEBUG_INFORMATION_FORMAT = "dwarf-with-dsym";
				ENABLE_STRICT_OBJC_MSGSEND = YES;
				GCC_C_LANGUAGE_STANDARD = gnu99;
				GCC_DYNAMIC_NO_PIC = NO;
				GCC_NO_COMMON_BLOCKS = YES;
				GCC_OPTIMIZATION_LEVEL = 0;
				GCC_PREPROCESSOR_DEFINITIONS = (
					"DEBUG=1",
					"$(inherited)",
				);
				GCC_SYMBOLS_PRIVATE_EXTERN = NO;
				GCC_WARN_64_TO_32_BIT_CONVERSION = YES;
				GCC_WARN_ABOUT_RETURN_TYPE = YES_ERROR;
				GCC_WARN_UNDECLARED_SELECTOR = YES;
				GCC_WARN_UNINITIALIZED_AUTOS = YES_AGGRESSIVE;
				GCC_WARN_UNUSED_FUNCTION = YES;
				GCC_WARN_UNUSED_VARIABLE = YES;
				IPHONEOS_DEPLOYMENT_TARGET = 8.3;
				MTL_ENABLE_DEBUG_INFO = YES;
				ONLY_ACTIVE_ARCH = YES;
				SDKROOT = iphoneos;
				SWIFT_OPTIMIZATION_LEVEL = "-Onone";
			};
			name = Debug;
		};
		BA1818D21B0A2051006F197A /* Release */ = {
			isa = XCBuildConfiguration;
			buildSettings = {
				ALWAYS_SEARCH_USER_PATHS = NO;
				CLANG_CXX_LANGUAGE_STANDARD = "gnu++0x";
				CLANG_CXX_LIBRARY = "libc++";
				CLANG_ENABLE_MODULES = YES;
				CLANG_ENABLE_OBJC_ARC = YES;
				CLANG_WARN_BOOL_CONVERSION = YES;
				CLANG_WARN_CONSTANT_CONVERSION = YES;
				CLANG_WARN_DIRECT_OBJC_ISA_USAGE = YES_ERROR;
				CLANG_WARN_EMPTY_BODY = YES;
				CLANG_WARN_ENUM_CONVERSION = YES;
				CLANG_WARN_INT_CONVERSION = YES;
				CLANG_WARN_OBJC_ROOT_CLASS = YES_ERROR;
				CLANG_WARN_UNREACHABLE_CODE = YES;
				CLANG_WARN__DUPLICATE_METHOD_MATCH = YES;
				"CODE_SIGN_IDENTITY[sdk=iphoneos*]" = "iPhone Developer";
				COPY_PHASE_STRIP = NO;
				DEBUG_INFORMATION_FORMAT = "dwarf-with-dsym";
				ENABLE_NS_ASSERTIONS = NO;
				ENABLE_STRICT_OBJC_MSGSEND = YES;
				GCC_C_LANGUAGE_STANDARD = gnu99;
				GCC_NO_COMMON_BLOCKS = YES;
				GCC_WARN_64_TO_32_BIT_CONVERSION = YES;
				GCC_WARN_ABOUT_RETURN_TYPE = YES_ERROR;
				GCC_WARN_UNDECLARED_SELECTOR = YES;
				GCC_WARN_UNINITIALIZED_AUTOS = YES_AGGRESSIVE;
				GCC_WARN_UNUSED_FUNCTION = YES;
				GCC_WARN_UNUSED_VARIABLE = YES;
				IPHONEOS_DEPLOYMENT_TARGET = 8.3;
				MTL_ENABLE_DEBUG_INFO = NO;
				SDKROOT = iphoneos;
				VALIDATE_PRODUCT = YES;
			};
			name = Release;
		};
		BA1818D41B0A2051006F197A /* Debug */ = {
			isa = XCBuildConfiguration;
			buildSettings = {
				ASSETCATALOG_COMPILER_APPICON_NAME = AppIcon;
				INFOPLIST_FILE = Project7WhitehousePetitions/Info.plist;
				LD_RUNPATH_SEARCH_PATHS = "$(inherited) @executable_path/Frameworks";
				PRODUCT_NAME = "$(TARGET_NAME)";
			};
			name = Debug;
		};
		BA1818D51B0A2051006F197A /* Release */ = {
			isa = XCBuildConfiguration;
			buildSettings = {
				ASSETCATALOG_COMPILER_APPICON_NAME = AppIcon;
				INFOPLIST_FILE = Project7WhitehousePetitions/Info.plist;
				LD_RUNPATH_SEARCH_PATHS = "$(inherited) @executable_path/Frameworks";
				PRODUCT_NAME = "$(TARGET_NAME)";
			};
			name = Release;
		};
		BA1818D71B0A2051006F197A /* Debug */ = {
			isa = XCBuildConfiguration;
			buildSettings = {
				BUNDLE_LOADER = "$(TEST_HOST)";
				FRAMEWORK_SEARCH_PATHS = (
					"$(SDKROOT)/Developer/Library/Frameworks",
					"$(inherited)",
				);
				GCC_PREPROCESSOR_DEFINITIONS = (
					"DEBUG=1",
					"$(inherited)",
				);
				INFOPLIST_FILE = Project7WhitehousePetitionsTests/Info.plist;
				LD_RUNPATH_SEARCH_PATHS = "$(inherited) @executable_path/Frameworks @loader_path/Frameworks";
				PRODUCT_NAME = "$(TARGET_NAME)";
				TEST_HOST = "$(BUILT_PRODUCTS_DIR)/Project7WhitehousePetitions.app/Project7WhitehousePetitions";
			};
			name = Debug;
		};
		BA1818D81B0A2051006F197A /* Release */ = {
			isa = XCBuildConfiguration;
			buildSettings = {
				BUNDLE_LOADER = "$(TEST_HOST)";
				FRAMEWORK_SEARCH_PATHS = (
					"$(SDKROOT)/Developer/Library/Frameworks",
					"$(inherited)",
				);
				INFOPLIST_FILE = Project7WhitehousePetitionsTests/Info.plist;
				LD_RUNPATH_SEARCH_PATHS = "$(inherited) @executable_path/Frameworks @loader_path/Frameworks";
				PRODUCT_NAME = "$(TARGET_NAME)";
				TEST_HOST = "$(BUILT_PRODUCTS_DIR)/Project7WhitehousePetitions.app/Project7WhitehousePetitions";
			};
			name = Release;
		};
/* End XCBuildConfiguration section */

/* Begin XCConfigurationList section */
		BA1818AD1B0A2051006F197A /* Build configuration list for PBXProject "Project7WhitehousePetitions" */ = {
			isa = XCConfigurationList;
			buildConfigurations = (
				BA1818D11B0A2051006F197A /* Debug */,
				BA1818D21B0A2051006F197A /* Release */,
			);
			defaultConfigurationIsVisible = 0;
			defaultConfigurationName = Release;
		};
		BA1818D31B0A2051006F197A /* Build configuration list for PBXNativeTarget "Project7WhitehousePetitions" */ = {
			isa = XCConfigurationList;
			buildConfigurations = (
				BA1818D41B0A2051006F197A /* Debug */,
				BA1818D51B0A2051006F197A /* Release */,
			);
			defaultConfigurationIsVisible = 0;
		};
		BA1818D61B0A2051006F197A /* Build configuration list for PBXNativeTarget "Project7WhitehousePetitionsTests" */ = {
			isa = XCConfigurationList;
			buildConfigurations = (
				BA1818D71B0A2051006F197A /* Debug */,
				BA1818D81B0A2051006F197A /* Release */,
			);
			defaultConfigurationIsVisible = 0;
		};
/* End XCConfigurationList section */
	};
	rootObject = BA1818AA1B0A2051006F197A /* Project object */;
}
